
Microsoft Visual Studio Solution File, Format Version 12.00
# Visual Studio Version 17
VisualStudioVersion = 17.4.33122.133
MinimumVisualStudioVersion = 10.0.40219.1
Project("{FAE04EC0-301F-11D3-BF4B-00C04F79EFBC}") = "Assignment_shopping_shirt", "Assignment_shopping_shirt\Assignment_shopping_shirt.csproj", "{EBB2E340-5184-40EF-B598-7ED9D5A61F2C}"
EndProject
Global
	GlobalSection(SolutionConfigurationPlatforms) = preSolution
		Debug|Any CPU = Debug|Any CPU
		Release|Any CPU = Release|Any CPU
	EndGlobalSection
	GlobalSection(ProjectConfigurationPlatforms) = postSolution
		{EBB2E340-5184-40EF-B598-7ED9D5A61F2C}.Debug|Any CPU.ActiveCfg = Debug|Any CPU
		{EBB2E340-5184-40EF-B598-7ED9D5A61F2C}.Debug|Any CPU.Build.0 = Debug|Any CPU
		{EBB2E340-5184-40EF-B598-7ED9D5A61F2C}.Release|Any CPU.ActiveCfg = Release|Any CPU
		{EBB2E340-5184-40EF-B598-7ED9D5A61F2C}.Release|Any CPU.Build.0 = Release|Any CPU
	EndGlobalSection
	GlobalSection(SolutionProperties) = preSolution
		HideSolutionNode = FALSE
	EndGlobalSection
	GlobalSection(ExtensibilityGlobals) = postSolution
		SolutionGuid = {723FA6E0-EE82-494E-85EA-C228FCE8BAF7}
	EndGlobalSection
EndGlobal
